
Microsoft Visual Studio Solution File, Format Version 12.00
# Visual Studio Version 16
VisualStudioVersion = 16.0.29926.136
MinimumVisualStudioVersion = 10.0.40219.1
Project("{8BC9CEB8-8B4A-11D0-8D11-00A0C91BC942}") = "Warmup 1 - Isograms", "Warmup 1 - Isograms\Warmup 1 - Isograms.vcxproj", "{F0AE9B5B-C79C-4AA6-AA21-FBA6E6187112}"
EndProject
Project("{8BC9CEB8-8B4A-11D0-8D11-00A0C91BC942}") = "Warmup 2 - String Split", "..\Exercises\Warmup-Exercises\Warmup 2 - String Split\String Split Exercise.vcxproj", "{FEBF3441-0E78-44AF-B887-B4FF466628AC}"
EndProject
Project("{8BC9CEB8-8B4A-11D0-8D11-00A0C91BC942}") = "Warmup 3 - Reverse Polish Notation", "Warmup 3 - Reverse Polish Notation\Warmup 3 - Reverse Polish Notation.vcxproj", "{A901226A-5879-403D-A6EF-460E01CA7B3C}"
EndProject
Project("{8BC9CEB8-8B4A-11D0-8D11-00A0C91BC942}") = "Warmup 4 - Count Occurances", "Count Occurances\Count Occurances.vcxproj", "{68588992-CDB7-4BF0-A3E4-4031037FB723}"
EndProject
Project("{8BC9CEB8-8B4A-11D0-8D11-00A0C91BC942}") = "Warmup 5 - Maximum Difference", "Warmup 5 - Maximum Difference\Warmup 5 - Maximum Difference.vcxproj", "{2D56DA35-C1A2-4320-A5B8-4424924EC920}"
EndProject
Project("{8BC9CEB8-8B4A-11D0-8D11-00A0C91BC942}") = "Warmup 6 - Record Performance", "Warmup 6 - Record Performance\Warmup 6 - Record Performance.vcxproj", "{0AB9103A-856D-4646-8D2B-3A8E43BFC446}"
EndProject
Project("{8BC9CEB8-8B4A-11D0-8D11-00A0C91BC942}") = "Warmup 7 - Recursive Walk Over Binary Tree", "Warmup 7 - Recursive Walk Over Binary Tree\Warmup 7 - Recursive Walk Over Binary Tree.vcxproj", "{24228512-FF3F-4F47-9A67-ED5F1476DB7C}"
EndProject
Project("{8BC9CEB8-8B4A-11D0-8D11-00A0C91BC942}") = "Warmup 8 - Making a Button", "Warmup 8 - Making a Button\Warmup 8 - Making a Button.vcxproj", "{F031EF00-6803-4A63-A625-25657A5387CC}"
EndProject
Project("{8BC9CEB8-8B4A-11D0-8D11-00A0C91BC942}") = "Warmup 9 - Find the Odd Integer", "Warmup 9 - Find the Odd Integer\Warmup 9 - Find the Odd Integer.vcxproj", "{09BD0803-5A86-4C3E-8674-17BC0F152A22}"
EndProject
Project("{8BC9CEB8-8B4A-11D0-8D11-00A0C91BC942}") = "Warmup 10 - Is Valid Hex Value", "Warmup 10 - Is Valid Hex Value\Warmup 10 - Is Valid Hex Value.vcxproj", "{2581E4F9-9A0B-4C50-BC64-A87E6B5B59BE}"
EndProject
Project("{8BC9CEB8-8B4A-11D0-8D11-00A0C91BC942}") = "Warmup 11 - Over21", "Warmup 11 - Over21\Warmup 11 - Over21.vcxproj", "{F8B5CFF4-F2C1-4CCD-8F2F-ABA2C489AB06}"
EndProject
Project("{8BC9CEB8-8B4A-11D0-8D11-00A0C91BC942}") = "Warmup 12 - Split String by Identical Character", "Warmup 12 - Split String by Identical Character\Warmup 12 - Split String by Identical Character.vcxproj", "{C5CFF43D-E406-4AFE-A97D-ABC2648D3DB7}"
EndProject
Project("{8BC9CEB8-8B4A-11D0-8D11-00A0C91BC942}") = "Warmup 13 - Draw Pyramid", "Warmup 13 - Draw Pyramid\Warmup 13 - Draw Pyramid.vcxproj", "{7233705D-4A5A-4B66-860B-521C8210C589}"
EndProject
Project("{8BC9CEB8-8B4A-11D0-8D11-00A0C91BC942}") = "Warmup 14 - Othello", "Warmup 14 - Othello\Warmup 14 - Othello.vcxproj", "{D550DAB5-5F8C-441D-989C-CB0320B52174}"
EndProject
Global
	GlobalSection(SolutionConfigurationPlatforms) = preSolution
		Debug|Any CPU = Debug|Any CPU
		Debug|x64 = Debug|x64
		Debug|x86 = Debug|x86
		Release|Any CPU = Release|Any CPU
		Release|x64 = Release|x64
		Release|x86 = Release|x86
	EndGlobalSection
	GlobalSection(ProjectConfigurationPlatforms) = postSolution
		{F0AE9B5B-C79C-4AA6-AA21-FBA6E6187112}.Debug|Any CPU.ActiveCfg = Debug|Win32
		{F0AE9B5B-C79C-4AA6-AA21-FBA6E6187112}.Debug|x64.ActiveCfg = Debug|x64
		{F0AE9B5B-C79C-4AA6-AA21-FBA6E6187112}.Debug|x64.Build.0 = Debug|x64
		{F0AE9B5B-C79C-4AA6-AA21-FBA6E6187112}.Debug|x86.ActiveCfg = Debug|Win32
		{F0AE9B5B-C79C-4AA6-AA21-FBA6E6187112}.Debug|x86.Build.0 = Debug|Win32
		{F0AE9B5B-C79C-4AA6-AA21-FBA6E6187112}.Release|Any CPU.ActiveCfg = Release|Win32
		{F0AE9B5B-C79C-4AA6-AA21-FBA6E6187112}.Release|x64.ActiveCfg = Release|x64
		{F0AE9B5B-C79C-4AA6-AA21-FBA6E6187112}.Release|x64.Build.0 = Release|x64
		{F0AE9B5B-C79C-4AA6-AA21-FBA6E6187112}.Release|x86.ActiveCfg = Release|Win32
		{F0AE9B5B-C79C-4AA6-AA21-FBA6E6187112}.Release|x86.Build.0 = Release|Win32
		{FEBF3441-0E78-44AF-B887-B4FF466628AC}.Debug|Any CPU.ActiveCfg = Debug|Win32
		{FEBF3441-0E78-44AF-B887-B4FF466628AC}.Debug|x64.ActiveCfg = Debug|x64
		{FEBF3441-0E78-44AF-B887-B4FF466628AC}.Debug|x64.Build.0 = Debug|x64
		{FEBF3441-0E78-44AF-B887-B4FF466628AC}.Debug|x86.ActiveCfg = Debug|Win32
		{FEBF3441-0E78-44AF-B887-B4FF466628AC}.Debug|x86.Build.0 = Debug|Win32
		{FEBF3441-0E78-44AF-B887-B4FF466628AC}.Release|Any CPU.ActiveCfg = Release|Win32
		{FEBF3441-0E78-44AF-B887-B4FF466628AC}.Release|x64.ActiveCfg = Release|x64
		{FEBF3441-0E78-44AF-B887-B4FF466628AC}.Release|x64.Build.0 = Release|x64
		{FEBF3441-0E78-44AF-B887-B4FF466628AC}.Release|x86.ActiveCfg = Release|Win32
		{FEBF3441-0E78-44AF-B887-B4FF466628AC}.Release|x86.Build.0 = Release|Win32
		{A901226A-5879-403D-A6EF-460E01CA7B3C}.Debug|Any CPU.ActiveCfg = Debug|Win32
		{A901226A-5879-403D-A6EF-460E01CA7B3C}.Debug|x64.ActiveCfg = Debug|x64
		{A901226A-5879-403D-A6EF-460E01CA7B3C}.Debug|x64.Build.0 = Debug|x64
		{A901226A-5879-403D-A6EF-460E01CA7B3C}.Debug|x86.ActiveCfg = Debug|Win32
		{A901226A-5879-403D-A6EF-460E01CA7B3C}.Debug|x86.Build.0 = Debug|Win32
		{A901226A-5879-403D-A6EF-460E01CA7B3C}.Release|Any CPU.ActiveCfg = Release|Win32
		{A901226A-5879-403D-A6EF-460E01CA7B3C}.Release|x64.ActiveCfg = Release|x64
		{A901226A-5879-403D-A6EF-460E01CA7B3C}.Release|x64.Build.0 = Release|x64
		{A901226A-5879-403D-A6EF-460E01CA7B3C}.Release|x86.ActiveCfg = Release|Win32
		{A901226A-5879-403D-A6EF-460E01CA7B3C}.Release|x86.Build.0 = Release|Win32
		{68588992-CDB7-4BF0-A3E4-4031037FB723}.Debug|Any CPU.ActiveCfg = Debug|Win32
		{68588992-CDB7-4BF0-A3E4-4031037FB723}.Debug|x64.ActiveCfg = Debug|x64
		{68588992-CDB7-4BF0-A3E4-4031037FB723}.Debug|x64.Build.0 = Debug|x64
		{68588992-CDB7-4BF0-A3E4-4031037FB723}.Debug|x86.ActiveCfg = Debug|Win32
		{68588992-CDB7-4BF0-A3E4-4031037FB723}.Debug|x86.Build.0 = Debug|Win32
		{68588992-CDB7-4BF0-A3E4-4031037FB723}.Release|Any CPU.ActiveCfg = Release|Win32
		{68588992-CDB7-4BF0-A3E4-4031037FB723}.Release|x64.ActiveCfg = Release|x64
		{68588992-CDB7-4BF0-A3E4-4031037FB723}.Release|x64.Build.0 = Release|x64
		{68588992-CDB7-4BF0-A3E4-4031037FB723}.Release|x86.ActiveCfg = Release|Win32
		{68588992-CDB7-4BF0-A3E4-4031037FB723}.Release|x86.Build.0 = Release|Win32
		{2D56DA35-C1A2-4320-A5B8-4424924EC920}.Debug|Any CPU.ActiveCfg = Debug|Win32
		{2D56DA35-C1A2-4320-A5B8-4424924EC920}.Debug|x64.ActiveCfg = Debug|x64
		{2D56DA35-C1A2-4320-A5B8-4424924EC920}.Debug|x64.Build.0 = Debug|x64
		{2D56DA35-C1A2-4320-A5B8-4424924EC920}.Debug|x86.ActiveCfg = Debug|Win32
		{2D56DA35-C1A2-4320-A5B8-4424924EC920}.Debug|x86.Build.0 = Debug|Win32
		{2D56DA35-C1A2-4320-A5B8-4424924EC920}.Release|Any CPU.ActiveCfg = Release|Win32
		{2D56DA35-C1A2-4320-A5B8-4424924EC920}.Release|x64.ActiveCfg = Release|x64
		{2D56DA35-C1A2-4320-A5B8-4424924EC920}.Release|x64.Build.0 = Release|x64
		{2D56DA35-C1A2-4320-A5B8-4424924EC920}.Release|x86.ActiveCfg = Release|Win32
		{2D56DA35-C1A2-4320-A5B8-4424924EC920}.Release|x86.Build.0 = Release|Win32
		{0AB9103A-856D-4646-8D2B-3A8E43BFC446}.Debug|Any CPU.ActiveCfg = Debug|Win32
		{0AB9103A-856D-4646-8D2B-3A8E43BFC446}.Debug|x64.ActiveCfg = Debug|x64
		{0AB9103A-856D-4646-8D2B-3A8E43BFC446}.Debug|x64.Build.0 = Debug|x64
		{0AB9103A-856D-4646-8D2B-3A8E43BFC446}.Debug|x86.ActiveCfg = Debug|Win32
		{0AB9103A-856D-4646-8D2B-3A8E43BFC446}.Debug|x86.Build.0 = Debug|Win32
		{0AB9103A-856D-4646-8D2B-3A8E43BFC446}.Release|Any CPU.ActiveCfg = Release|Win32
		{0AB9103A-856D-4646-8D2B-3A8E43BFC446}.Release|x64.ActiveCfg = Release|x64
		{0AB9103A-856D-4646-8D2B-3A8E43BFC446}.Release|x64.Build.0 = Release|x64
		{0AB9103A-856D-4646-8D2B-3A8E43BFC446}.Release|x86.ActiveCfg = Release|Win32
		{0AB9103A-856D-4646-8D2B-3A8E43BFC446}.Release|x86.Build.0 = Release|Win32
		{24228512-FF3F-4F47-9A67-ED5F1476DB7C}.Debug|Any CPU.ActiveCfg = Debug|Win32
		{24228512-FF3F-4F47-9A67-ED5F1476DB7C}.Debug|x64.ActiveCfg = Debug|x64
		{24228512-FF3F-4F47-9A67-ED5F1476DB7C}.Debug|x64.Build.0 = Debug|x64
		{24228512-FF3F-4F47-9A67-ED5F1476DB7C}.Debug|x86.ActiveCfg = Debug|Win32
		{24228512-FF3F-4F47-9A67-ED5F1476DB7C}.Debug|x86.Build.0 = Debug|Win32
		{24228512-FF3F-4F47-9A67-ED5F1476DB7C}.Release|Any CPU.ActiveCfg = Release|Win32
		{24228512-FF3F-4F47-9A67-ED5F1476DB7C}.Release|x64.ActiveCfg = Release|x64
		{24228512-FF3F-4F47-9A67-ED5F1476DB7C}.Release|x64.Build.0 = Release|x64
		{24228512-FF3F-4F47-9A67-ED5F1476DB7C}.Release|x86.ActiveCfg = Release|Win32
		{24228512-FF3F-4F47-9A67-ED5F1476DB7C}.Release|x86.Build.0 = Release|Win32
		{F031EF00-6803-4A63-A625-25657A5387CC}.Debug|Any CPU.ActiveCfg = Debug|Win32
		{F031EF00-6803-4A63-A625-25657A5387CC}.Debug|x64.ActiveCfg = Debug|x64
		{F031EF00-6803-4A63-A625-25657A5387CC}.Debug|x64.Build.0 = Debug|x64
		{F031EF00-6803-4A63-A625-25657A5387CC}.Debug|x86.ActiveCfg = Debug|Win32
		{F031EF00-6803-4A63-A625-25657A5387CC}.Debug|x86.Build.0 = Debug|Win32
		{F031EF00-6803-4A63-A625-25657A5387CC}.Release|Any CPU.ActiveCfg = Release|Win32
		{F031EF00-6803-4A63-A625-25657A5387CC}.Release|x64.ActiveCfg = Release|x64
		{F031EF00-6803-4A63-A625-25657A5387CC}.Release|x64.Build.0 = Release|x64
		{F031EF00-6803-4A63-A625-25657A5387CC}.Release|x86.ActiveCfg = Release|Win32
		{F031EF00-6803-4A63-A625-25657A5387CC}.Release|x86.Build.0 = Release|Win32
		{09BD0803-5A86-4C3E-8674-17BC0F152A22}.Debug|Any CPU.ActiveCfg = Debug|Win32
		{09BD0803-5A86-4C3E-8674-17BC0F152A22}.Debug|x64.ActiveCfg = Debug|x64
		{09BD0803-5A86-4C3E-8674-17BC0F152A22}.Debug|x64.Build.0 = Debug|x64
		{09BD0803-5A86-4C3E-8674-17BC0F152A22}.Debug|x86.ActiveCfg = Debug|Win32
		{09BD0803-5A86-4C3E-8674-17BC0F152A22}.Debug|x86.Build.0 = Debug|Win32
		{09BD0803-5A86-4C3E-8674-17BC0F152A22}.Release|Any CPU.ActiveCfg = Release|Win32
		{09BD0803-5A86-4C3E-8674-17BC0F152A22}.Release|x64.ActiveCfg = Release|x64
		{09BD0803-5A86-4C3E-8674-17BC0F152A22}.Release|x64.Build.0 = Release|x64
		{09BD0803-5A86-4C3E-8674-17BC0F152A22}.Release|x86.ActiveCfg = Release|Win32
		{09BD0803-5A86-4C3E-8674-17BC0F152A22}.Release|x86.Build.0 = Release|Win32
		{2581E4F9-9A0B-4C50-BC64-A87E6B5B59BE}.Debug|Any CPU.ActiveCfg = Debug|Win32
		{2581E4F9-9A0B-4C50-BC64-A87E6B5B59BE}.Debug|x64.ActiveCfg = Debug|x64
		{2581E4F9-9A0B-4C50-BC64-A87E6B5B59BE}.Debug|x64.Build.0 = Debug|x64
		{2581E4F9-9A0B-4C50-BC64-A87E6B5B59BE}.Debug|x86.ActiveCfg = Debug|Win32
		{2581E4F9-9A0B-4C50-BC64-A87E6B5B59BE}.Debug|x86.Build.0 = Debug|Win32
		{2581E4F9-9A0B-4C50-BC64-A87E6B5B59BE}.Release|Any CPU.ActiveCfg = Release|Win32
		{2581E4F9-9A0B-4C50-BC64-A87E6B5B59BE}.Release|x64.ActiveCfg = Release|x64
		{2581E4F9-9A0B-4C50-BC64-A87E6B5B59BE}.Release|x64.Build.0 = Release|x64
		{2581E4F9-9A0B-4C50-BC64-A87E6B5B59BE}.Release|x86.ActiveCfg = Release|Win32
		{2581E4F9-9A0B-4C50-BC64-A87E6B5B59BE}.Release|x86.Build.0 = Release|Win32
		{F8B5CFF4-F2C1-4CCD-8F2F-ABA2C489AB06}.Debug|Any CPU.ActiveCfg = Debug|Win32
		{F8B5CFF4-F2C1-4CCD-8F2F-ABA2C489AB06}.Debug|x64.ActiveCfg = Debug|x64
		{F8B5CFF4-F2C1-4CCD-8F2F-ABA2C489AB06}.Debug|x64.Build.0 = Debug|x64
		{F8B5CFF4-F2C1-4CCD-8F2F-ABA2C489AB06}.Debug|x86.ActiveCfg = Debug|Win32
		{F8B5CFF4-F2C1-4CCD-8F2F-ABA2C489AB06}.Debug|x86.Build.0 = Debug|Win32
		{F8B5CFF4-F2C1-4CCD-8F2F-ABA2C489AB06}.Release|Any CPU.ActiveCfg = Release|Win32
		{F8B5CFF4-F2C1-4CCD-8F2F-ABA2C489AB06}.Release|x64.ActiveCfg = Release|x64
		{F8B5CFF4-F2C1-4CCD-8F2F-ABA2C489AB06}.Release|x64.Build.0 = Release|x64
		{F8B5CFF4-F2C1-4CCD-8F2F-ABA2C489AB06}.Release|x86.ActiveCfg = Release|Win32
		{F8B5CFF4-F2C1-4CCD-8F2F-ABA2C489AB06}.Release|x86.Build.0 = Release|Win32
		{C5CFF43D-E406-4AFE-A97D-ABC2648D3DB7}.Debug|Any CPU.ActiveCfg = Debug|Win32
		{C5CFF43D-E406-4AFE-A97D-ABC2648D3DB7}.Debug|x64.ActiveCfg = Debug|x64
		{C5CFF43D-E406-4AFE-A97D-ABC2648D3DB7}.Debug|x64.Build.0 = Debug|x64
		{C5CFF43D-E406-4AFE-A97D-ABC2648D3DB7}.Debug|x86.ActiveCfg = Debug|Win32
		{C5CFF43D-E406-4AFE-A97D-ABC2648D3DB7}.Debug|x86.Build.0 = Debug|Win32
		{C5CFF43D-E406-4AFE-A97D-ABC2648D3DB7}.Release|Any CPU.ActiveCfg = Release|Win32
		{C5CFF43D-E406-4AFE-A97D-ABC2648D3DB7}.Release|x64.ActiveCfg = Release|x64
		{C5CFF43D-E406-4AFE-A97D-ABC2648D3DB7}.Release|x64.Build.0 = Release|x64
		{C5CFF43D-E406-4AFE-A97D-ABC2648D3DB7}.Release|x86.ActiveCfg = Release|Win32
		{C5CFF43D-E406-4AFE-A97D-ABC2648D3DB7}.Release|x86.Build.0 = Release|Win32
		{7233705D-4A5A-4B66-860B-521C8210C589}.Debug|Any CPU.ActiveCfg = Debug|Win32
		{7233705D-4A5A-4B66-860B-521C8210C589}.Debug|x64.ActiveCfg = Debug|x64
		{7233705D-4A5A-4B66-860B-521C8210C589}.Debug|x64.Build.0 = Debug|x64
		{7233705D-4A5A-4B66-860B-521C8210C589}.Debug|x86.ActiveCfg = Debug|Win32
		{7233705D-4A5A-4B66-860B-521C8210C589}.Debug|x86.Build.0 = Debug|Win32
		{7233705D-4A5A-4B66-860B-521C8210C589}.Release|Any CPU.ActiveCfg = Release|Win32
		{7233705D-4A5A-4B66-860B-521C8210C589}.Release|x64.ActiveCfg = Release|x64
		{7233705D-4A5A-4B66-860B-521C8210C589}.Release|x64.Build.0 = Release|x64
		{7233705D-4A5A-4B66-860B-521C8210C589}.Release|x86.ActiveCfg = Release|Win32
		{7233705D-4A5A-4B66-860B-521C8210C589}.Release|x86.Build.0 = Release|Win32
		{D550DAB5-5F8C-441D-989C-CB0320B52174}.Debug|Any CPU.ActiveCfg = Debug|Win32
		{D550DAB5-5F8C-441D-989C-CB0320B52174}.Debug|x64.ActiveCfg = Debug|x64
		{D550DAB5-5F8C-441D-989C-CB0320B52174}.Debug|x64.Build.0 = Debug|x64
		{D550DAB5-5F8C-441D-989C-CB0320B52174}.Debug|x86.ActiveCfg = Debug|Win32
		{D550DAB5-5F8C-441D-989C-CB0320B52174}.Debug|x86.Build.0 = Debug|Win32
		{D550DAB5-5F8C-441D-989C-CB0320B52174}.Release|Any CPU.ActiveCfg = Release|Win32
		{D550DAB5-5F8C-441D-989C-CB0320B52174}.Release|x64.ActiveCfg = Release|x64
		{D550DAB5-5F8C-441D-989C-CB0320B52174}.Release|x64.Build.0 = Release|x64
		{D550DAB5-5F8C-441D-989C-CB0320B52174}.Release|x86.ActiveCfg = Release|Win32
		{D550DAB5-5F8C-441D-989C-CB0320B52174}.Release|x86.Build.0 = Release|Win32
	EndGlobalSection
	GlobalSection(SolutionProperties) = preSolution
		HideSolutionNode = FALSE
	EndGlobalSection
	GlobalSection(ExtensibilityGlobals) = postSolution
		SolutionGuid = {C8F84D2D-E809-49D1-8A31-67182B882339}
	EndGlobalSection
EndGlobal
